
Microsoft Visual Studio Solution File, Format Version 12.00
# Visual Studio Version 17
VisualStudioVersion = 17.14.36408.4 d17.14
MinimumVisualStudioVersion = 10.0.40219.1
Project("{FAE04EC0-301F-11D3-BF4B-00C04F79EFBC}") = "MSIS Project", "MSIS Project\MSIS Project.csproj", "{AB3812CF-5723-4974-8639-D5ECA0151660}"
EndProject
Global
	GlobalSection(SolutionConfigurationPlatforms) = preSolution
		Debug|Any CPU = Debug|Any CPU
		Release|Any CPU = Release|Any CPU
	EndGlobalSection
	GlobalSection(ProjectConfigurationPlatforms) = postSolution
		{AB3812CF-5723-4974-8639-D5ECA0151660}.Debug|Any CPU.ActiveCfg = Debug|Any CPU
		{AB3812CF-5723-4974-8639-D5ECA0151660}.Debug|Any CPU.Build.0 = Debug|Any CPU
		{AB3812CF-5723-4974-8639-D5ECA0151660}.Release|Any CPU.ActiveCfg = Release|Any CPU
		{AB3812CF-5723-4974-8639-D5ECA0151660}.Release|Any CPU.Build.0 = Release|Any CPU
	EndGlobalSection
	GlobalSection(SolutionProperties) = preSolution
		HideSolutionNode = FALSE
	EndGlobalSection
	GlobalSection(ExtensibilityGlobals) = postSolution
		SolutionGuid = {F72E2561-190E-4D90-9DD5-7C41FED7E9EC}
	EndGlobalSection
EndGlobal
